# auto-generated by grc.converter

id: nordic_nordic_rx
label: Nordic Receiver
category: '[Nordic]'

parameters:
-   id: channel
    label: Channel
    dtype: int
-   id: address_length
    label: Address Length
    dtype: enum
    options: ['3', '4', '5']
    option_labels: [3 Bytes, 4 Bytes, 5 Bytes]
-   id: crc_length
    label: CRC Length
    dtype: enum
    options: ['1', '2']
    option_labels: [1 Byte, 2 Bytes]
-   id: data_rate
    label: Data Rate
    dtype: enum
    options: ['0', '1', '2']
    option_labels: [250K, 1M, 2M]

inputs:
-   domain: stream
    dtype: byte

outputs:
-   domain: message
    id: nordictap_out
    optional: true

templates:
    imports: import nordic
    make: nordic.nordic_rx(${channel}, ${address_length}, ${crc_length}, ${data_rate})

file_format: 1
